
Microsoft Visual Studio Solution File, Format Version 12.00
Project("{2150E333-8FDC-42A3-9474-1A3956D46DE8}") = "src", "src", "{B7252121-CB6B-4C7B-9831-6E39E4B7B754}"
EndProject
Project("{2150E333-8FDC-42A3-9474-1A3956D46DE8}") = "Core", "Core", "{9452AF49-2763-4FCE-8E08-48FFD2B6CFC3}"
EndProject
Project("{FAE04EC0-301F-11D3-BF4B-00C04F79EFBC}") = "OnionExample.Domain", "src\Core\OnionExample.Domain\OnionExample.Domain.csproj", "{CEAB5F04-E46A-4A66-975C-6E3BC1ABDB9D}"
EndProject
Project("{FAE04EC0-301F-11D3-BF4B-00C04F79EFBC}") = "OnionExample.Application", "src\Core\OnionExample.Application\OnionExample.Application.csproj", "{F17FE854-8D99-47C1-A347-DD4000F076EB}"
EndProject
Project("{2150E333-8FDC-42A3-9474-1A3956D46DE8}") = "Infrastructure", "Infrastructure", "{285CF4A5-D84D-4D4F-AF09-45C570106D82}"
EndProject
Project("{FAE04EC0-301F-11D3-BF4B-00C04F79EFBC}") = "OnionExample.Persistence", "src\Infrastructure\OnionExample.Persistence\OnionExample.Persistence.csproj", "{1D2E80E8-BB3A-423E-9FF4-A941E99CE471}"
EndProject
Project("{2150E333-8FDC-42A3-9474-1A3956D46DE8}") = "WebApi", "WebApi", "{6F954B55-A91F-45B5-AECA-ED0DA56B4EC0}"
EndProject
Project("{FAE04EC0-301F-11D3-BF4B-00C04F79EFBC}") = "OnionExample.WebAPI", "src\WebApi\OnionExample.WebAPI\OnionExample.WebAPI.csproj", "{45217C93-FC50-45DE-9C91-A2E8B83FE88F}"
EndProject
Global
	GlobalSection(SolutionConfigurationPlatforms) = preSolution
		Debug|Any CPU = Debug|Any CPU
		Release|Any CPU = Release|Any CPU
	EndGlobalSection
	GlobalSection(ProjectConfigurationPlatforms) = postSolution
		{CEAB5F04-E46A-4A66-975C-6E3BC1ABDB9D}.Debug|Any CPU.ActiveCfg = Debug|Any CPU
		{CEAB5F04-E46A-4A66-975C-6E3BC1ABDB9D}.Debug|Any CPU.Build.0 = Debug|Any CPU
		{CEAB5F04-E46A-4A66-975C-6E3BC1ABDB9D}.Release|Any CPU.ActiveCfg = Release|Any CPU
		{CEAB5F04-E46A-4A66-975C-6E3BC1ABDB9D}.Release|Any CPU.Build.0 = Release|Any CPU
		{F17FE854-8D99-47C1-A347-DD4000F076EB}.Debug|Any CPU.ActiveCfg = Debug|Any CPU
		{F17FE854-8D99-47C1-A347-DD4000F076EB}.Debug|Any CPU.Build.0 = Debug|Any CPU
		{F17FE854-8D99-47C1-A347-DD4000F076EB}.Release|Any CPU.ActiveCfg = Release|Any CPU
		{F17FE854-8D99-47C1-A347-DD4000F076EB}.Release|Any CPU.Build.0 = Release|Any CPU
		{1D2E80E8-BB3A-423E-9FF4-A941E99CE471}.Debug|Any CPU.ActiveCfg = Debug|Any CPU
		{1D2E80E8-BB3A-423E-9FF4-A941E99CE471}.Debug|Any CPU.Build.0 = Debug|Any CPU
		{1D2E80E8-BB3A-423E-9FF4-A941E99CE471}.Release|Any CPU.ActiveCfg = Release|Any CPU
		{1D2E80E8-BB3A-423E-9FF4-A941E99CE471}.Release|Any CPU.Build.0 = Release|Any CPU
		{45217C93-FC50-45DE-9C91-A2E8B83FE88F}.Debug|Any CPU.ActiveCfg = Debug|Any CPU
		{45217C93-FC50-45DE-9C91-A2E8B83FE88F}.Debug|Any CPU.Build.0 = Debug|Any CPU
		{45217C93-FC50-45DE-9C91-A2E8B83FE88F}.Release|Any CPU.ActiveCfg = Release|Any CPU
		{45217C93-FC50-45DE-9C91-A2E8B83FE88F}.Release|Any CPU.Build.0 = Release|Any CPU
	EndGlobalSection
	GlobalSection(NestedProjects) = preSolution
		{9452AF49-2763-4FCE-8E08-48FFD2B6CFC3} = {B7252121-CB6B-4C7B-9831-6E39E4B7B754}
		{CEAB5F04-E46A-4A66-975C-6E3BC1ABDB9D} = {9452AF49-2763-4FCE-8E08-48FFD2B6CFC3}
		{F17FE854-8D99-47C1-A347-DD4000F076EB} = {9452AF49-2763-4FCE-8E08-48FFD2B6CFC3}
		{285CF4A5-D84D-4D4F-AF09-45C570106D82} = {B7252121-CB6B-4C7B-9831-6E39E4B7B754}
		{1D2E80E8-BB3A-423E-9FF4-A941E99CE471} = {285CF4A5-D84D-4D4F-AF09-45C570106D82}
		{6F954B55-A91F-45B5-AECA-ED0DA56B4EC0} = {B7252121-CB6B-4C7B-9831-6E39E4B7B754}
		{45217C93-FC50-45DE-9C91-A2E8B83FE88F} = {6F954B55-A91F-45B5-AECA-ED0DA56B4EC0}
	EndGlobalSection
EndGlobal
